
Microsoft Visual Studio Solution File, Format Version 12.00
# Visual Studio 15
VisualStudioVersion = 15.0.26124.0
MinimumVisualStudioVersion = 15.0.26124.0
Project("{FAE04EC0-301F-11D3-BF4B-00C04F79EFBC}") = "Domain", "Domain\Domain.csproj", "{0E7AB1D7-A541-481C-A3E5-0D6CCD9DF93A}"
EndProject
Project("{FAE04EC0-301F-11D3-BF4B-00C04F79EFBC}") = "Application", "Application\Application.csproj", "{4ABCFA00-979B-432B-8D47-00BABFF67938}"
EndProject
Project("{FAE04EC0-301F-11D3-BF4B-00C04F79EFBC}") = "API", "API\API.csproj", "{EB69E281-D7A2-4D25-9D21-8294B7D7B532}"
EndProject
Project("{FAE04EC0-301F-11D3-BF4B-00C04F79EFBC}") = "Persistence", "Persistence\Persistence.csproj", "{AFBA367D-BEDA-456E-AE3B-39657FB4F76C}"
EndProject
Project("{FAE04EC0-301F-11D3-BF4B-00C04F79EFBC}") = "Infrastructure", "Infrastructure\Infrastructure.csproj", "{E46B4F68-3F59-4612-A7EF-49E0504F799D}"
EndProject
Global
	GlobalSection(SolutionConfigurationPlatforms) = preSolution
		Debug|Any CPU = Debug|Any CPU
		Debug|x64 = Debug|x64
		Debug|x86 = Debug|x86
		Release|Any CPU = Release|Any CPU
		Release|x64 = Release|x64
		Release|x86 = Release|x86
	EndGlobalSection
	GlobalSection(SolutionProperties) = preSolution
		HideSolutionNode = FALSE
	EndGlobalSection
	GlobalSection(ProjectConfigurationPlatforms) = postSolution
		{0E7AB1D7-A541-481C-A3E5-0D6CCD9DF93A}.Debug|Any CPU.ActiveCfg = Debug|Any CPU
		{0E7AB1D7-A541-481C-A3E5-0D6CCD9DF93A}.Debug|Any CPU.Build.0 = Debug|Any CPU
		{0E7AB1D7-A541-481C-A3E5-0D6CCD9DF93A}.Debug|x64.ActiveCfg = Debug|Any CPU
		{0E7AB1D7-A541-481C-A3E5-0D6CCD9DF93A}.Debug|x64.Build.0 = Debug|Any CPU
		{0E7AB1D7-A541-481C-A3E5-0D6CCD9DF93A}.Debug|x86.ActiveCfg = Debug|Any CPU
		{0E7AB1D7-A541-481C-A3E5-0D6CCD9DF93A}.Debug|x86.Build.0 = Debug|Any CPU
		{0E7AB1D7-A541-481C-A3E5-0D6CCD9DF93A}.Release|Any CPU.ActiveCfg = Release|Any CPU
		{0E7AB1D7-A541-481C-A3E5-0D6CCD9DF93A}.Release|Any CPU.Build.0 = Release|Any CPU
		{0E7AB1D7-A541-481C-A3E5-0D6CCD9DF93A}.Release|x64.ActiveCfg = Release|Any CPU
		{0E7AB1D7-A541-481C-A3E5-0D6CCD9DF93A}.Release|x64.Build.0 = Release|Any CPU
		{0E7AB1D7-A541-481C-A3E5-0D6CCD9DF93A}.Release|x86.ActiveCfg = Release|Any CPU
		{0E7AB1D7-A541-481C-A3E5-0D6CCD9DF93A}.Release|x86.Build.0 = Release|Any CPU
		{4ABCFA00-979B-432B-8D47-00BABFF67938}.Debug|Any CPU.ActiveCfg = Debug|Any CPU
		{4ABCFA00-979B-432B-8D47-00BABFF67938}.Debug|Any CPU.Build.0 = Debug|Any CPU
		{4ABCFA00-979B-432B-8D47-00BABFF67938}.Debug|x64.ActiveCfg = Debug|Any CPU
		{4ABCFA00-979B-432B-8D47-00BABFF67938}.Debug|x64.Build.0 = Debug|Any CPU
		{4ABCFA00-979B-432B-8D47-00BABFF67938}.Debug|x86.ActiveCfg = Debug|Any CPU
		{4ABCFA00-979B-432B-8D47-00BABFF67938}.Debug|x86.Build.0 = Debug|Any CPU
		{4ABCFA00-979B-432B-8D47-00BABFF67938}.Release|Any CPU.ActiveCfg = Release|Any CPU
		{4ABCFA00-979B-432B-8D47-00BABFF67938}.Release|Any CPU.Build.0 = Release|Any CPU
		{4ABCFA00-979B-432B-8D47-00BABFF67938}.Release|x64.ActiveCfg = Release|Any CPU
		{4ABCFA00-979B-432B-8D47-00BABFF67938}.Release|x64.Build.0 = Release|Any CPU
		{4ABCFA00-979B-432B-8D47-00BABFF67938}.Release|x86.ActiveCfg = Release|Any CPU
		{4ABCFA00-979B-432B-8D47-00BABFF67938}.Release|x86.Build.0 = Release|Any CPU
		{EB69E281-D7A2-4D25-9D21-8294B7D7B532}.Debug|Any CPU.ActiveCfg = Debug|Any CPU
		{EB69E281-D7A2-4D25-9D21-8294B7D7B532}.Debug|Any CPU.Build.0 = Debug|Any CPU
		{EB69E281-D7A2-4D25-9D21-8294B7D7B532}.Debug|x64.ActiveCfg = Debug|Any CPU
		{EB69E281-D7A2-4D25-9D21-8294B7D7B532}.Debug|x64.Build.0 = Debug|Any CPU
		{EB69E281-D7A2-4D25-9D21-8294B7D7B532}.Debug|x86.ActiveCfg = Debug|Any CPU
		{EB69E281-D7A2-4D25-9D21-8294B7D7B532}.Debug|x86.Build.0 = Debug|Any CPU
		{EB69E281-D7A2-4D25-9D21-8294B7D7B532}.Release|Any CPU.ActiveCfg = Release|Any CPU
		{EB69E281-D7A2-4D25-9D21-8294B7D7B532}.Release|Any CPU.Build.0 = Release|Any CPU
		{EB69E281-D7A2-4D25-9D21-8294B7D7B532}.Release|x64.ActiveCfg = Release|Any CPU
		{EB69E281-D7A2-4D25-9D21-8294B7D7B532}.Release|x64.Build.0 = Release|Any CPU
		{EB69E281-D7A2-4D25-9D21-8294B7D7B532}.Release|x86.ActiveCfg = Release|Any CPU
		{EB69E281-D7A2-4D25-9D21-8294B7D7B532}.Release|x86.Build.0 = Release|Any CPU
		{AFBA367D-BEDA-456E-AE3B-39657FB4F76C}.Debug|Any CPU.ActiveCfg = Debug|Any CPU
		{AFBA367D-BEDA-456E-AE3B-39657FB4F76C}.Debug|Any CPU.Build.0 = Debug|Any CPU
		{AFBA367D-BEDA-456E-AE3B-39657FB4F76C}.Debug|x64.ActiveCfg = Debug|Any CPU
		{AFBA367D-BEDA-456E-AE3B-39657FB4F76C}.Debug|x64.Build.0 = Debug|Any CPU
		{AFBA367D-BEDA-456E-AE3B-39657FB4F76C}.Debug|x86.ActiveCfg = Debug|Any CPU
		{AFBA367D-BEDA-456E-AE3B-39657FB4F76C}.Debug|x86.Build.0 = Debug|Any CPU
		{AFBA367D-BEDA-456E-AE3B-39657FB4F76C}.Release|Any CPU.ActiveCfg = Release|Any CPU
		{AFBA367D-BEDA-456E-AE3B-39657FB4F76C}.Release|Any CPU.Build.0 = Release|Any CPU
		{AFBA367D-BEDA-456E-AE3B-39657FB4F76C}.Release|x64.ActiveCfg = Release|Any CPU
		{AFBA367D-BEDA-456E-AE3B-39657FB4F76C}.Release|x64.Build.0 = Release|Any CPU
		{AFBA367D-BEDA-456E-AE3B-39657FB4F76C}.Release|x86.ActiveCfg = Release|Any CPU
		{AFBA367D-BEDA-456E-AE3B-39657FB4F76C}.Release|x86.Build.0 = Release|Any CPU
		{E46B4F68-3F59-4612-A7EF-49E0504F799D}.Debug|Any CPU.ActiveCfg = Debug|Any CPU
		{E46B4F68-3F59-4612-A7EF-49E0504F799D}.Debug|Any CPU.Build.0 = Debug|Any CPU
		{E46B4F68-3F59-4612-A7EF-49E0504F799D}.Debug|x64.ActiveCfg = Debug|Any CPU
		{E46B4F68-3F59-4612-A7EF-49E0504F799D}.Debug|x64.Build.0 = Debug|Any CPU
		{E46B4F68-3F59-4612-A7EF-49E0504F799D}.Debug|x86.ActiveCfg = Debug|Any CPU
		{E46B4F68-3F59-4612-A7EF-49E0504F799D}.Debug|x86.Build.0 = Debug|Any CPU
		{E46B4F68-3F59-4612-A7EF-49E0504F799D}.Release|Any CPU.ActiveCfg = Release|Any CPU
		{E46B4F68-3F59-4612-A7EF-49E0504F799D}.Release|Any CPU.Build.0 = Release|Any CPU
		{E46B4F68-3F59-4612-A7EF-49E0504F799D}.Release|x64.ActiveCfg = Release|Any CPU
		{E46B4F68-3F59-4612-A7EF-49E0504F799D}.Release|x64.Build.0 = Release|Any CPU
		{E46B4F68-3F59-4612-A7EF-49E0504F799D}.Release|x86.ActiveCfg = Release|Any CPU
		{E46B4F68-3F59-4612-A7EF-49E0504F799D}.Release|x86.Build.0 = Release|Any CPU
	EndGlobalSection
EndGlobal
